
Microsoft Visual Studio Solution File, Format Version 12.00
# Visual Studio 15
VisualStudioVersion = 15.0.26730.16
MinimumVisualStudioVersion = 10.0.40219.1
Project("{FAE04EC0-301F-11D3-BF4B-00C04F79EFBC}") = "Equation", "Equation\Equation.csproj", "{3C829F67-325D-44DB-A7AE-A5F9CC287C91}"
EndProject
Global
	GlobalSection(SolutionConfigurationPlatforms) = preSolution
		Debug|Any CPU = Debug|Any CPU
		Release|Any CPU = Release|Any CPU
	EndGlobalSection
	GlobalSection(ProjectConfigurationPlatforms) = postSolution
		{3C829F67-325D-44DB-A7AE-A5F9CC287C91}.Debug|Any CPU.ActiveCfg = Debug|Any CPU
		{3C829F67-325D-44DB-A7AE-A5F9CC287C91}.Debug|Any CPU.Build.0 = Debug|Any CPU
		{3C829F67-325D-44DB-A7AE-A5F9CC287C91}.Release|Any CPU.ActiveCfg = Release|Any CPU
		{3C829F67-325D-44DB-A7AE-A5F9CC287C91}.Release|Any CPU.Build.0 = Release|Any CPU
	EndGlobalSection
	GlobalSection(SolutionProperties) = preSolution
		HideSolutionNode = FALSE
	EndGlobalSection
	GlobalSection(ExtensibilityGlobals) = postSolution
		SolutionGuid = {1F28B022-6913-4579-98D1-6F54966A11F9}
	EndGlobalSection
EndGlobal
